{
  "name": "DesiBazaar",
  "lockfileVersion": 3,
  "requires": true,
  "packages": {
    "": {
      "dependencies": {
        "web-audio-analyser": "^2.0.1"
      }
    },
    "node_modules/web-audio-analyser": {
      "version": "2.0.1",
      "resolved": "https://registry.npmjs.org/web-audio-analyser/-/web-audio-analyser-2.0.1.tgz",
      "integrity": "sha512-N4xreGq4GrHjjYaGgKTDCbIkETS3t/irs7CO27gqjCRtHXYfMx3Y8d3QpHGrAxdFBjsFCOzqVmcTEUCBysXdAQ==",
      "license": "MIT"
    }
  }
}
